
Microsoft Visual Studio Solution File, Format Version 12.00
# Visual Studio Version 17
VisualStudioVersion = 17.10.35122.118
MinimumVisualStudioVersion = 10.0.40219.1
Project("{FAE04EC0-301F-11D3-BF4B-00C04F79EFBC}") = "FlavourlinesWebApp", "FlavourlinesWebApp.csproj", "{2221F372-90B5-426F-8AFD-72F449182199}"
EndProject
Global
	GlobalSection(SolutionConfigurationPlatforms) = preSolution
		Debug|Any CPU = Debug|Any CPU
		Release|Any CPU = Release|Any CPU
	EndGlobalSection
	GlobalSection(ProjectConfigurationPlatforms) = postSolution
		{2221F372-90B5-426F-8AFD-72F449182199}.Debug|Any CPU.ActiveCfg = Debug|Any CPU
		{2221F372-90B5-426F-8AFD-72F449182199}.Debug|Any CPU.Build.0 = Debug|Any CPU
		{2221F372-90B5-426F-8AFD-72F449182199}.Release|Any CPU.ActiveCfg = Release|Any CPU
		{2221F372-90B5-426F-8AFD-72F449182199}.Release|Any CPU.Build.0 = Release|Any CPU
	EndGlobalSection
	GlobalSection(SolutionProperties) = preSolution
		HideSolutionNode = FALSE
	EndGlobalSection
	GlobalSection(ExtensibilityGlobals) = postSolution
		SolutionGuid = {E50CFF40-4B75-4192-9946-15A5ABD5AAA9}
	EndGlobalSection
EndGlobal
